
Microsoft Visual Studio Solution File, Format Version 12.00
# Visual Studio Version 17
VisualStudioVersion = 17.13.35828.75 d17.13
MinimumVisualStudioVersion = 10.0.40219.1
Project("{FAE04EC0-301F-11D3-BF4B-00C04F79EFBC}") = "SimpleFavoriteCartoonFormApp", "SimpleFavoriteCartoonFormApp\SimpleFavoriteCartoonFormApp.csproj", "{EB070AF7-2053-44B0-8D9D-8ACD6E7AE614}"
EndProject
Global
	GlobalSection(SolutionConfigurationPlatforms) = preSolution
		Debug|Any CPU = Debug|Any CPU
		Release|Any CPU = Release|Any CPU
	EndGlobalSection
	GlobalSection(ProjectConfigurationPlatforms) = postSolution
		{EB070AF7-2053-44B0-8D9D-8ACD6E7AE614}.Debug|Any CPU.ActiveCfg = Debug|Any CPU
		{EB070AF7-2053-44B0-8D9D-8ACD6E7AE614}.Debug|Any CPU.Build.0 = Debug|Any CPU
		{EB070AF7-2053-44B0-8D9D-8ACD6E7AE614}.Release|Any CPU.ActiveCfg = Release|Any CPU
		{EB070AF7-2053-44B0-8D9D-8ACD6E7AE614}.Release|Any CPU.Build.0 = Release|Any CPU
	EndGlobalSection
	GlobalSection(SolutionProperties) = preSolution
		HideSolutionNode = FALSE
	EndGlobalSection
	GlobalSection(ExtensibilityGlobals) = postSolution
		SolutionGuid = {26FCEB70-011E-461A-A42B-DB54A856CF43}
	EndGlobalSection
EndGlobal
