
Microsoft Visual Studio Solution File, Format Version 12.00
# Visual Studio Version 17
VisualStudioVersion = 17.13.35828.75 d17.13
MinimumVisualStudioVersion = 10.0.40219.1
Project("{FAE04EC0-301F-11D3-BF4B-00C04F79EFBC}") = "SimpleFormsAppWithComboBox", "SimpleFormsAppWithComboBox\SimpleFormsAppWithComboBox.csproj", "{9195FFE0-71D1-4AC3-82D9-872E64CD1030}"
EndProject
Global
	GlobalSection(SolutionConfigurationPlatforms) = preSolution
		Debug|Any CPU = Debug|Any CPU
		Release|Any CPU = Release|Any CPU
	EndGlobalSection
	GlobalSection(ProjectConfigurationPlatforms) = postSolution
		{9195FFE0-71D1-4AC3-82D9-872E64CD1030}.Debug|Any CPU.ActiveCfg = Debug|Any CPU
		{9195FFE0-71D1-4AC3-82D9-872E64CD1030}.Debug|Any CPU.Build.0 = Debug|Any CPU
		{9195FFE0-71D1-4AC3-82D9-872E64CD1030}.Release|Any CPU.ActiveCfg = Release|Any CPU
		{9195FFE0-71D1-4AC3-82D9-872E64CD1030}.Release|Any CPU.Build.0 = Release|Any CPU
	EndGlobalSection
	GlobalSection(SolutionProperties) = preSolution
		HideSolutionNode = FALSE
	EndGlobalSection
	GlobalSection(ExtensibilityGlobals) = postSolution
		SolutionGuid = {B14C487E-83D2-42E5-9BBC-22657DD28256}
	EndGlobalSection
EndGlobal
